{
  "R": {
    "Version": "4.4.3",
    "Repositories": [
      {
        "Name": "CRAN",
        "URL": "https://cran.rstudio.com"
      }
    ]
  },
  "Packages": {
    "multcompView": {
      "Package": "multcompView",
      "Version": "0.1-11",
      "Source": "Repository",
      "Repository": "CRAN",
      "Requirements": [
        "grid"
      ],
      "Hash": "e043f633d898be14de143d5a32457a78"
    }
  }
}
